// !$*UTF8*$!
{
	archiveVersion = 1;
	classes = {
	};
	objectVersion = 77;
	objects = {

/* Begin PBXBuildFile section */
		128A93921A860CE25E0FE5B9 /* Pods_prototypeV1.framework in Frameworks */ = {isa = PBXBuildFile; fileRef = 1137B8380C1F10444C8FB18A /* Pods_prototypeV1.framework */; };
/* End PBXBuildFile section */

/* Begin PBXContainerItemProxy section */
		45894CBF2CF981EA00F095C2 /* PBXContainerItemProxy */ = {
			isa = PBXContainerItemProxy;
			containerPortal = 45894CA02CF981E800F095C2 /* Project object */;
			proxyType = 1;
			remoteGlobalIDString = 45894CA72CF981E800F095C2;
			remoteInfo = prototypeV1;
		};
		45894CC92CF981EA00F095C2 /* PBXContainerItemProxy */ = {
			isa = PBXContainerItemProxy;
			containerPortal = 45894CA02CF981E800F095C2 /* Project object */;
			proxyType = 1;
			remoteGlobalIDString = 45894CA72CF981E800F095C2;
			remoteInfo = prototypeV1;
		};
/* End PBXContainerItemProxy section */

/* Begin PBXFileReference section */
		1137B8380C1F10444C8FB18A /* Pods_prototypeV1.framework */ = {isa = PBXFileReference; explicitFileType = wrapper.framework; includeInIndex = 0; path = Pods_prototypeV1.framework; sourceTree = BUILT_PRODUCTS_DIR; };
		45894CA82CF981E800F095C2 /* prototypeV1.app */ = {isa = PBXFileReference; explicitFileType = wrapper.application; includeInIndex = 0; path = prototypeV1.app; sourceTree = BUILT_PRODUCTS_DIR; };
		45894CBE2CF981EA00F095C2 /* prototypeV1Tests.xctest */ = {isa = PBXFileReference; explicitFileType = wrapper.cfbundle; includeInIndex = 0; path = prototypeV1Tests.xctest; sourceTree = BUILT_PRODUCTS_DIR; };
		45894CC82CF981EA00F095C2 /* prototypeV1UITests.xctest */ = {isa = PBXFileReference; explicitFileType = wrapper.cfbundle; includeInIndex = 0; path = prototypeV1UITests.xctest; sourceTree = BUILT_PRODUCTS_DIR; };
		87552CB94EFAC7209A631CA5 /* Pods-prototypeV1.debug.xcconfig */ = {isa = PBXFileReference; includeInIndex = 1; lastKnownFileType = text.xcconfig; name = "Pods-prototypeV1.debug.xcconfig"; path = "Target Support Files/Pods-prototypeV1/Pods-prototypeV1.debug.xcconfig"; sourceTree = "<group>"; };
		AAFFC19EB28C090E2B0119CF /* Pods-prototypeV1.release.xcconfig */ = {isa = PBXFileReference; includeInIndex = 1; lastKnownFileType = text.xcconfig; name = "Pods-prototypeV1.release.xcconfig"; path = "Target Support Files/Pods-prototypeV1/Pods-prototypeV1.release.xcconfig"; sourceTree = "<group>"; };
/* End PBXFileReference section */

/* Begin PBXFileSystemSynchronizedBuildFileExceptionSet section */
		45894CD02CF981EA00F095C2 /* Exceptions for "prototypeV1" folder in "prototypeV1" target */ = {
			isa = PBXFileSystemSynchronizedBuildFileExceptionSet;
			membershipExceptions = (
				Info.plist,
			);
			target = 45894CA72CF981E800F095C2 /* prototypeV1 */;
		};
/* End PBXFileSystemSynchronizedBuildFileExceptionSet section */

/* Begin PBXFileSystemSynchronizedRootGroup section */
		45894CAA2CF981E900F095C2 /* prototypeV1 */ = {
			isa = PBXFileSystemSynchronizedRootGroup;
			exceptions = (
				45894CD02CF981EA00F095C2 /* Exceptions for "prototypeV1" folder in "prototypeV1" target */,
			);
			path = prototypeV1;
			sourceTree = "<group>";
		};
		45894CC12CF981EA00F095C2 /* prototypeV1Tests */ = {
			isa = PBXFileSystemSynchronizedRootGroup;
			path = prototypeV1Tests;
			sourceTree = "<group>";
		};
		45894CCB2CF981EA00F095C2 /* prototypeV1UITests */ = {
			isa = PBXFileSystemSynchronizedRootGroup;
			path = prototypeV1UITests;
			sourceTree = "<group>";
		};
/* End PBXFileSystemSynchronizedRootGroup section */

/* Begin PBXFrameworksBuildPhase section */
		45894CA52CF981E800F095C2 /* Frameworks */ = {
			isa = PBXFrameworksBuildPhase;
			buildActionMask = 2147483647;
			files = (
				128A93921A860CE25E0FE5B9 /* Pods_prototypeV1.framework in Frameworks */,
			);
			runOnlyForDeploymentPostprocessing = 0;
		};
		45894CBB2CF981EA00F095C2 /* Frameworks */ = {
			isa = PBXFrameworksBuildPhase;
			buildActionMask = 2147483647;
			files = (
			);
			runOnlyForDeploymentPostprocessing = 0;
		};
		45894CC52CF981EA00F095C2 /* Frameworks */ = {
			isa = PBXFrameworksBuildPhase;
			buildActionMask = 2147483647;
			files = (
			);
			runOnlyForDeploymentPostprocessing = 0;
		};
/* End PBXFrameworksBuildPhase section */

/* Begin PBXGroup section */
		253C59B3D4779EF59D01F1C7 /* Pods */ = {
			isa = PBXGroup;
			children = (
				87552CB94EFAC7209A631CA5 /* Pods-prototypeV1.debug.xcconfig */,
				AAFFC19EB28C090E2B0119CF /* Pods-prototypeV1.release.xcconfig */,
			);
			path = Pods;
			sourceTree = "<group>";
		};
		3C40AE378A880368E64303E1 /* Frameworks */ = {
			isa = PBXGroup;
			children = (
				1137B8380C1F10444C8FB18A /* Pods_prototypeV1.framework */,
			);
			name = Frameworks;
			sourceTree = "<group>";
		};
		45894C9F2CF981E800F095C2 = {
			isa = PBXGroup;
			children = (
				45894CAA2CF981E900F095C2 /* prototypeV1 */,
				45894CC12CF981EA00F095C2 /* prototypeV1Tests */,
				45894CCB2CF981EA00F095C2 /* prototypeV1UITests */,
				45894CA92CF981E800F095C2 /* Products */,
				253C59B3D4779EF59D01F1C7 /* Pods */,
				3C40AE378A880368E64303E1 /* Frameworks */,
			);
			sourceTree = "<group>";
		};
		45894CA92CF981E800F095C2 /* Products */ = {
			isa = PBXGroup;
			children = (
				45894CA82CF981E800F095C2 /* prototypeV1.app */,
				45894CBE2CF981EA00F095C2 /* prototypeV1Tests.xctest */,
				45894CC82CF981EA00F095C2 /* prototypeV1UITests.xctest */,
			);
			name = Products;
			sourceTree = "<group>";
		};
/* End PBXGroup section */

/* Begin PBXNativeTarget section */
		45894CA72CF981E800F095C2 /* prototypeV1 */ = {
			isa = PBXNativeTarget;
			buildConfigurationList = 45894CD12CF981EA00F095C2 /* Build configuration list for PBXNativeTarget "prototypeV1" */;
			buildPhases = (
				5D785CDDDD6CD7C01BD8F5B2 /* [CP] Check Pods Manifest.lock */,
				45894CA42CF981E800F095C2 /* Sources */,
				45894CA52CF981E800F095C2 /* Frameworks */,
				45894CA62CF981E800F095C2 /* Resources */,
				CC7C42782B7758C352F3B738 /* [CP] Embed Pods Frameworks */,
			);
			buildRules = (
			);
			dependencies = (
			);
			fileSystemSynchronizedGroups = (
				45894CAA2CF981E900F095C2 /* prototypeV1 */,
			);
			name = prototypeV1;
			productName = prototypeV1;
			productReference = 45894CA82CF981E800F095C2 /* prototypeV1.app */;
			productType = "com.apple.product-type.application";
		};
		45894CBD2CF981EA00F095C2 /* prototypeV1Tests */ = {
			isa = PBXNativeTarget;
			buildConfigurationList = 45894CD62CF981EA00F095C2 /* Build configuration list for PBXNativeTarget "prototypeV1Tests" */;
			buildPhases = (
				45894CBA2CF981EA00F095C2 /* Sources */,
				45894CBB2CF981EA00F095C2 /* Frameworks */,
				45894CBC2CF981EA00F095C2 /* Resources */,
			);
			buildRules = (
			);
			dependencies = (
				45894CC02CF981EA00F095C2 /* PBXTargetDependency */,
			);
			fileSystemSynchronizedGroups = (
				45894CC12CF981EA00F095C2 /* prototypeV1Tests */,
			);
			name = prototypeV1Tests;
			productName = prototypeV1Tests;
			productReference = 45894CBE2CF981EA00F095C2 /* prototypeV1Tests.xctest */;
			productType = "com.apple.product-type.bundle.unit-test";
		};
		45894CC72CF981EA00F095C2 /* prototypeV1UITests */ = {
			isa = PBXNativeTarget;
			buildConfigurationList = 45894CD92CF981EA00F095C2 /* Build configuration list for PBXNativeTarget "prototypeV1UITests" */;
			buildPhases = (
				45894CC42CF981EA00F095C2 /* Sources */,
				45894CC52CF981EA00F095C2 /* Frameworks */,
				45894CC62CF981EA00F095C2 /* Resources */,
			);
			buildRules = (
			);
			dependencies = (
				45894CCA2CF981EA00F095C2 /* PBXTargetDependency */,
			);
			fileSystemSynchronizedGroups = (
				45894CCB2CF981EA00F095C2 /* prototypeV1UITests */,
			);
			name = prototypeV1UITests;
			productName = prototypeV1UITests;
			productReference = 45894CC82CF981EA00F095C2 /* prototypeV1UITests.xctest */;
			productType = "com.apple.product-type.bundle.ui-testing";
		};
/* End PBXNativeTarget section */

/* Begin PBXProject section */
		45894CA02CF981E800F095C2 /* Project object */ = {
			isa = PBXProject;
			attributes = {
				BuildIndependentTargetsInParallel = 1;
				LastSwiftUpdateCheck = 1600;
				LastUpgradeCheck = 1600;
				TargetAttributes = {
					45894CA72CF981E800F095C2 = {
						CreatedOnToolsVersion = 16.0;
					};
					45894CBD2CF981EA00F095C2 = {
						CreatedOnToolsVersion = 16.0;
						TestTargetID = 45894CA72CF981E800F095C2;
					};
					45894CC72CF981EA00F095C2 = {
						CreatedOnToolsVersion = 16.0;
						TestTargetID = 45894CA72CF981E800F095C2;
					};
				};
			};
			buildConfigurationList = 45894CA32CF981E800F095C2 /* Build configuration list for PBXProject "prototypeV1" */;
			developmentRegion = en;
			hasScannedForEncodings = 0;
			knownRegions = (
				en,
				Base,
			);
			mainGroup = 45894C9F2CF981E800F095C2;
			minimizedProjectReferenceProxies = 1;
			preferredProjectObjectVersion = 77;
			productRefGroup = 45894CA92CF981E800F095C2 /* Products */;
			projectDirPath = "";
			projectRoot = "";
			targets = (
				45894CA72CF981E800F095C2 /* prototypeV1 */,
				45894CBD2CF981EA00F095C2 /* prototypeV1Tests */,
				45894CC72CF981EA00F095C2 /* prototypeV1UITests */,
			);
		};
/* End PBXProject section */

/* Begin PBXResourcesBuildPhase section */
		45894CA62CF981E800F095C2 /* Resources */ = {
			isa = PBXResourcesBuildPhase;
			buildActionMask = 2147483647;
			files = (
			);
			runOnlyForDeploymentPostprocessing = 0;
		};
		45894CBC2CF981EA00F095C2 /* Resources */ = {
			isa = PBXResourcesBuildPhase;
			buildActionMask = 2147483647;
			files = (
			);
			runOnlyForDeploymentPostprocessing = 0;
		};
		45894CC62CF981EA00F095C2 /* Resources */ = {
			isa = PBXResourcesBuildPhase;
			buildActionMask = 2147483647;
			files = (
			);
			runOnlyForDeploymentPostprocessing = 0;
		};
/* End PBXResourcesBuildPhase section */

/* Begin PBXShellScriptBuildPhase section */
		5D785CDDDD6CD7C01BD8F5B2 /* [CP] Check Pods Manifest.lock */ = {
			isa = PBXShellScriptBuildPhase;
			buildActionMask = 2147483647;
			files = (
			);
			inputFileListPaths = (
			);
			inputPaths = (
				"${PODS_PODFILE_DIR_PATH}/Podfile.lock",
				"${PODS_ROOT}/Manifest.lock",
			);
			name = "[CP] Check Pods Manifest.lock";
			outputFileListPaths = (
			);
			outputPaths = (
				"$(DERIVED_FILE_DIR)/Pods-prototypeV1-checkManifestLockResult.txt",
			);
			runOnlyForDeploymentPostprocessing = 0;
			shellPath = /bin/sh;
			shellScript = "diff \"${PODS_PODFILE_DIR_PATH}/Podfile.lock\" \"${PODS_ROOT}/Manifest.lock\" > /dev/null\nif [ $? != 0 ] ; then\n    # print error to STDERR\n    echo \"error: The sandbox is not in sync with the Podfile.lock. Run 'pod install' or update your CocoaPods installation.\" >&2\n    exit 1\nfi\n# This output is used by Xcode 'outputs' to avoid re-running this script phase.\necho \"SUCCESS\" > \"${SCRIPT_OUTPUT_FILE_0}\"\n";
			showEnvVarsInLog = 0;
		};
		CC7C42782B7758C352F3B738 /* [CP] Embed Pods Frameworks */ = {
			isa = PBXShellScriptBuildPhase;
			buildActionMask = 2147483647;
			files = (
			);
			inputFileListPaths = (
				"${PODS_ROOT}/Target Support Files/Pods-prototypeV1/Pods-prototypeV1-frameworks-${CONFIGURATION}-input-files.xcfilelist",
			);
			name = "[CP] Embed Pods Frameworks";
			outputFileListPaths = (
				"${PODS_ROOT}/Target Support Files/Pods-prototypeV1/Pods-prototypeV1-frameworks-${CONFIGURATION}-output-files.xcfilelist",
			);
			runOnlyForDeploymentPostprocessing = 0;
			shellPath = /bin/sh;
			shellScript = "\"${PODS_ROOT}/Target Support Files/Pods-prototypeV1/Pods-prototypeV1-frameworks.sh\"\n";
			showEnvVarsInLog = 0;
		};
/* End PBXShellScriptBuildPhase section */

/* Begin PBXSourcesBuildPhase section */
		45894CA42CF981E800F095C2 /* Sources */ = {
			isa = PBXSourcesBuildPhase;
			buildActionMask = 2147483647;
			files = (
			);
			runOnlyForDeploymentPostprocessing = 0;
		};
		45894CBA2CF981EA00F095C2 /* Sources */ = {
			isa = PBXSourcesBuildPhase;
			buildActionMask = 2147483647;
			files = (
			);
			runOnlyForDeploymentPostprocessing = 0;
		};
		45894CC42CF981EA00F095C2 /* Sources */ = {
			isa = PBXSourcesBuildPhase;
			buildActionMask = 2147483647;
			files = (
			);
			runOnlyForDeploymentPostprocessing = 0;
		};
/* End PBXSourcesBuildPhase section */

/* Begin PBXTargetDependency section */
		45894CC02CF981EA00F095C2 /* PBXTargetDependency */ = {
			isa = PBXTargetDependency;
			target = 45894CA72CF981E800F095C2 /* prototypeV1 */;
			targetProxy = 45894CBF2CF981EA00F095C2 /* PBXContainerItemProxy */;
		};
		45894CCA2CF981EA00F095C2 /* PBXTargetDependency */ = {
			isa = PBXTargetDependency;
			target = 45894CA72CF981E800F095C2 /* prototypeV1 */;
			targetProxy = 45894CC92CF981EA00F095C2 /* PBXContainerItemProxy */;
		};
/* End PBXTargetDependency section */

/* Begin XCBuildConfiguration section */
		45894CD22CF981EA00F095C2 /* Debug */ = {
			isa = XCBuildConfiguration;
			baseConfigurationReference = 87552CB94EFAC7209A631CA5 /* Pods-prototypeV1.debug.xcconfig */;
			buildSettings = {
				ASSETCATALOG_COMPILER_APPICON_NAME = AppIcon;
				ASSETCATALOG_COMPILER_GLOBAL_ACCENT_COLOR_NAME = AccentColor;
				CODE_SIGN_STYLE = Automatic;
				CURRENT_PROJECT_VERSION = 1;
				GENERATE_INFOPLIST_FILE = YES;
				INFOPLIST_FILE = prototypeV1/Info.plist;
				INFOPLIST_KEY_UIApplicationSupportsIndirectInputEvents = YES;
				INFOPLIST_KEY_UILaunchStoryboardName = LaunchScreen;
				INFOPLIST_KEY_UIMainStoryboardFile = Main;
				INFOPLIST_KEY_UISupportedInterfaceOrientations_iPad = "UIInterfaceOrientationPortrait UIInterfaceOrientationPortraitUpsideDown UIInterfaceOrientationLandscapeLeft UIInterfaceOrientationLandscapeRight";
				INFOPLIST_KEY_UISupportedInterfaceOrientations_iPhone = "UIInterfaceOrientationPortrait UIInterfaceOrientationLandscapeLeft UIInterfaceOrientationLandscapeRight";
				LD_RUNPATH_SEARCH_PATHS = (
					"$(inherited)",
					"@executable_path/Frameworks",
				);
				MARKETING_VERSION = 1.0;
				PRODUCT_BUNDLE_IDENTIFIER = main.prototypeV1;
				PRODUCT_NAME = "$(TARGET_NAME)";
				SWIFT_EMIT_LOC_STRINGS = YES;
				SWIFT_VERSION = 5.0;
				TARGETED_DEVICE_FAMILY = "1,2";
			};
			name = Debug;
		};
		45894CD32CF981EA00F095C2 /* Release */ = {
			isa = XCBuildConfiguration;
			baseConfigurationReference = AAFFC19EB28C090E2B0119CF /* Pods-prototypeV1.release.xcconfig */;
			buildSettings = {
				ASSETCATALOG_COMPILER_APPICON_NAME = AppIcon;
				ASSETCATALOG_COMPILER_GLOBAL_ACCENT_COLOR_NAME = AccentColor;
				CODE_SIGN_STYLE = Automatic;
				CURRENT_PROJECT_VERSION = 1;
				GENERATE_INFOPLIST_FILE = YES;
				INFOPLIST_FILE = prototypeV1/Info.plist;
				INFOPLIST_KEY_UIApplicationSupportsIndirectInputEvents = YES;
				INFOPLIST_KEY_UILaunchStoryboardName = LaunchScreen;
				INFOPLIST_KEY_UIMainStoryboardFile = Main;
				INFOPLIST_KEY_UISupportedInterfaceOrientations_iPad = "UIInterfaceOrientationPortrait UIInterfaceOrientationPortraitUpsideDown UIInterfaceOrientationLandscapeLeft UIInterfaceOrientationLandscapeRight";
				INFOPLIST_KEY_UISupportedInterfaceOrientations_iPhone = "UIInterfaceOrientationPortrait UIInterfaceOrientationLandscapeLeft UIInterfaceOrientationLandscapeRight";
				LD_RUNPATH_SEARCH_PATHS = (
					"$(inherited)",
					"@executable_path/Frameworks",
				);
				MARKETING_VERSION = 1.0;
				PRODUCT_BUNDLE_IDENTIFIER = main.prototypeV1;
				PRODUCT_NAME = "$(TARGET_NAME)";
				SWIFT_EMIT_LOC_STRINGS = YES;
				SWIFT_VERSION = 5.0;
				TARGETED_DEVICE_FAMILY = "1,2";
			};
			name = Release;
		};
		45894CD42CF981EA00F095C2 /* Debug */ = {
			isa = XCBuildConfiguration;
			buildSettings = {
				ALWAYS_SEARCH_USER_PATHS = NO;
				ASSETCATALOG_COMPILER_GENERATE_SWIFT_ASSET_SYMBOL_EXTENSIONS = YES;
				CLANG_ANALYZER_NONNULL = YES;
				CLANG_ANALYZER_NUMBER_OBJECT_CONVERSION = YES_AGGRESSIVE;
				CLANG_CXX_LANGUAGE_STANDARD = "gnu++20";
				CLANG_ENABLE_MODULES = YES;
				CLANG_ENABLE_OBJC_ARC = YES;
				CLANG_ENABLE_OBJC_WEAK = YES;
				CLANG_WARN_BLOCK_CAPTURE_AUTORELEASING = YES;
				CLANG_WARN_BOOL_CONVERSION = YES;
				CLANG_WARN_COMMA = YES;
				CLANG_WARN_CONSTANT_CONVERSION = YES;
				CLANG_WARN_DEPRECATED_OBJC_IMPLEMENTATIONS = YES;
				CLANG_WARN_DIRECT_OBJC_ISA_USAGE = YES_ERROR;
				CLANG_WARN_DOCUMENTATION_COMMENTS = YES;
				CLANG_WARN_EMPTY_BODY = YES;
				CLANG_WARN_ENUM_CONVERSION = YES;
				CLANG_WARN_INFINITE_RECURSION = YES;
				CLANG_WARN_INT_CONVERSION = YES;
				CLANG_WARN_NON_LITERAL_NULL_CONVERSION = YES;
				CLANG_WARN_OBJC_IMPLICIT_RETAIN_SELF = YES;
				CLANG_WARN_OBJC_LITERAL_CONVERSION = YES;
				CLANG_WARN_OBJC_ROOT_CLASS = YES_ERROR;
				CLANG_WARN_QUOTED_INCLUDE_IN_FRAMEWORK_HEADER = YES;
				CLANG_WARN_RANGE_LOOP_ANALYSIS = YES;
				CLANG_WARN_STRICT_PROTOTYPES = YES;
				CLANG_WARN_SUSPICIOUS_MOVE = YES;
				CLANG_WARN_UNGUARDED_AVAILABILITY = YES_AGGRESSIVE;
				CLANG_WARN_UNREACHABLE_CODE = YES;
				CLANG_WARN__DUPLICATE_METHOD_MATCH = YES;
				COPY_PHASE_STRIP = NO;
				DEBUG_INFORMATION_FORMAT = dwarf;
				ENABLE_STRICT_OBJC_MSGSEND = YES;
				ENABLE_TESTABILITY = YES;
				ENABLE_USER_SCRIPT_SANDBOXING = YES;
				GCC_C_LANGUAGE_STANDARD = gnu17;
				GCC_DYNAMIC_NO_PIC = NO;
				GCC_NO_COMMON_BLOCKS = YES;
				GCC_OPTIMIZATION_LEVEL = 0;
				GCC_PREPROCESSOR_DEFINITIONS = (
					"DEBUG=1",
					"$(inherited)",
				);
				GCC_WARN_64_TO_32_BIT_CONVERSION = YES;
				GCC_WARN_ABOUT_RETURN_TYPE = YES_ERROR;
				GCC_WARN_UNDECLARED_SELECTOR = YES;
				GCC_WARN_UNINITIALIZED_AUTOS = YES_AGGRESSIVE;
				GCC_WARN_UNUSED_FUNCTION = YES;
				GCC_WARN_UNUSED_VARIABLE = YES;
				IPHONEOS_DEPLOYMENT_TARGET = 18.0;
				LOCALIZATION_PREFERS_STRING_CATALOGS = YES;
				MTL_ENABLE_DEBUG_INFO = INCLUDE_SOURCE;
				MTL_FAST_MATH = YES;
				ONLY_ACTIVE_ARCH = YES;
				SDKROOT = iphoneos;
				SWIFT_ACTIVE_COMPILATION_CONDITIONS = "DEBUG $(inherited)";
				SWIFT_OPTIMIZATION_LEVEL = "-Onone";
			};
			name = Debug;
		};
		45894CD52CF981EA00F095C2 /* Release */ = {
			isa = XCBuildConfiguration;
			buildSettings = {
				ALWAYS_SEARCH_USER_PATHS = NO;
				ASSETCATALOG_COMPILER_GENERATE_SWIFT_ASSET_SYMBOL_EXTENSIONS = YES;
				CLANG_ANALYZER_NONNULL = YES;
				CLANG_ANALYZER_NUMBER_OBJECT_CONVERSION = YES_AGGRESSIVE;
				CLANG_CXX_LANGUAGE_STANDARD = "gnu++20";
				CLANG_ENABLE_MODULES = YES;
				CLANG_ENABLE_OBJC_ARC = YES;
				CLANG_ENABLE_OBJC_WEAK = YES;
				CLANG_WARN_BLOCK_CAPTURE_AUTORELEASING = YES;
				CLANG_WARN_BOOL_CONVERSION = YES;
				CLANG_WARN_COMMA = YES;
				CLANG_WARN_CONSTANT_CONVERSION = YES;
				CLANG_WARN_DEPRECATED_OBJC_IMPLEMENTATIONS = YES;
				CLANG_WARN_DIRECT_OBJC_ISA_USAGE = YES_ERROR;
				CLANG_WARN_DOCUMENTATION_COMMENTS = YES;
				CLANG_WARN_EMPTY_BODY = YES;
				CLANG_WARN_ENUM_CONVERSION = YES;
				CLANG_WARN_INFINITE_RECURSION = YES;
				CLANG_WARN_INT_CONVERSION = YES;
				CLANG_WARN_NON_LITERAL_NULL_CONVERSION = YES;
				CLANG_WARN_OBJC_IMPLICIT_RETAIN_SELF = YES;
				CLANG_WARN_OBJC_LITERAL_CONVERSION = YES;
				CLANG_WARN_OBJC_ROOT_CLASS = YES_ERROR;
				CLANG_WARN_QUOTED_INCLUDE_IN_FRAMEWORK_HEADER = YES;
				CLANG_WARN_RANGE_LOOP_ANALYSIS = YES;
				CLANG_WARN_STRICT_PROTOTYPES = YES;
				CLANG_WARN_SUSPICIOUS_MOVE = YES;
				CLANG_WARN_UNGUARDED_AVAILABILITY = YES_AGGRESSIVE;
				CLANG_WARN_UNREACHABLE_CODE = YES;
				CLANG_WARN__DUPLICATE_METHOD_MATCH = YES;
				COPY_PHASE_STRIP = NO;
				DEBUG_INFORMATION_FORMAT = "dwarf-with-dsym";
				ENABLE_NS_ASSERTIONS = NO;
				ENABLE_STRICT_OBJC_MSGSEND = YES;
				ENABLE_USER_SCRIPT_SANDBOXING = YES;
				GCC_C_LANGUAGE_STANDARD = gnu17;
				GCC_NO_COMMON_BLOCKS = YES;
				GCC_WARN_64_TO_32_BIT_CONVERSION = YES;
				GCC_WARN_ABOUT_RETURN_TYPE = YES_ERROR;
				GCC_WARN_UNDECLARED_SELECTOR = YES;
				GCC_WARN_UNINITIALIZED_AUTOS = YES_AGGRESSIVE;
				GCC_WARN_UNUSED_FUNCTION = YES;
				GCC_WARN_UNUSED_VARIABLE = YES;
				IPHONEOS_DEPLOYMENT_TARGET = 18.0;
				LOCALIZATION_PREFERS_STRING_CATALOGS = YES;
				MTL_ENABLE_DEBUG_INFO = NO;
				MTL_FAST_MATH = YES;
				SDKROOT = iphoneos;
				SWIFT_COMPILATION_MODE = wholemodule;
				VALIDATE_PRODUCT = YES;
			};
			name = Release;
		};
		45894CD72CF981EA00F095C2 /* Debug */ = {
			isa = XCBuildConfiguration;
			buildSettings = {
				BUNDLE_LOADER = "$(TEST_HOST)";
				CODE_SIGN_STYLE = Automatic;
				CURRENT_PROJECT_VERSION = 1;
				GENERATE_INFOPLIST_FILE = YES;
				IPHONEOS_DEPLOYMENT_TARGET = 18.0;
				MARKETING_VERSION = 1.0;
				PRODUCT_BUNDLE_IDENTIFIER = main.prototypeV1Tests;
				PRODUCT_NAME = "$(TARGET_NAME)";
				SWIFT_EMIT_LOC_STRINGS = NO;
				SWIFT_VERSION = 5.0;
				TARGETED_DEVICE_FAMILY = "1,2";
				TEST_HOST = "$(BUILT_PRODUCTS_DIR)/prototypeV1.app/$(BUNDLE_EXECUTABLE_FOLDER_PATH)/prototypeV1";
			};
			name = Debug;
		};
		45894CD82CF981EA00F095C2 /* Release */ = {
			isa = XCBuildConfiguration;
			buildSettings = {
				BUNDLE_LOADER = "$(TEST_HOST)";
				CODE_SIGN_STYLE = Automatic;
				CURRENT_PROJECT_VERSION = 1;
				GENERATE_INFOPLIST_FILE = YES;
				IPHONEOS_DEPLOYMENT_TARGET = 18.0;
				MARKETING_VERSION = 1.0;
				PRODUCT_BUNDLE_IDENTIFIER = main.prototypeV1Tests;
				PRODUCT_NAME = "$(TARGET_NAME)";
				SWIFT_EMIT_LOC_STRINGS = NO;
				SWIFT_VERSION = 5.0;
				TARGETED_DEVICE_FAMILY = "1,2";
				TEST_HOST = "$(BUILT_PRODUCTS_DIR)/prototypeV1.app/$(BUNDLE_EXECUTABLE_FOLDER_PATH)/prototypeV1";
			};
			name = Release;
		};
		45894CDA2CF981EA00F095C2 /* Debug */ = {
			isa = XCBuildConfiguration;
			buildSettings = {
				CODE_SIGN_STYLE = Automatic;
				CURRENT_PROJECT_VERSION = 1;
				GENERATE_INFOPLIST_FILE = YES;
				MARKETING_VERSION = 1.0;
				PRODUCT_BUNDLE_IDENTIFIER = main.prototypeV1UITests;
				PRODUCT_NAME = "$(TARGET_NAME)";
				SWIFT_EMIT_LOC_STRINGS = NO;
				SWIFT_VERSION = 5.0;
				TARGETED_DEVICE_FAMILY = "1,2";
				TEST_TARGET_NAME = prototypeV1;
			};
			name = Debug;
		};
		45894CDB2CF981EA00F095C2 /* Release */ = {
			isa = XCBuildConfiguration;
			buildSettings = {
				CODE_SIGN_STYLE = Automatic;
				CURRENT_PROJECT_VERSION = 1;
				GENERATE_INFOPLIST_FILE = YES;
				MARKETING_VERSION = 1.0;
				PRODUCT_BUNDLE_IDENTIFIER = main.prototypeV1UITests;
				PRODUCT_NAME = "$(TARGET_NAME)";
				SWIFT_EMIT_LOC_STRINGS = NO;
				SWIFT_VERSION = 5.0;
				TARGETED_DEVICE_FAMILY = "1,2";
				TEST_TARGET_NAME = prototypeV1;
			};
			name = Release;
		};
/* End XCBuildConfiguration section */

/* Begin XCConfigurationList section */
		45894CA32CF981E800F095C2 /* Build configuration list for PBXProject "prototypeV1" */ = {
			isa = XCConfigurationList;
			buildConfigurations = (
				45894CD42CF981EA00F095C2 /* Debug */,
				45894CD52CF981EA00F095C2 /* Release */,
			);
			defaultConfigurationIsVisible = 0;
			defaultConfigurationName = Release;
		};
		45894CD12CF981EA00F095C2 /* Build configuration list for PBXNativeTarget "prototypeV1" */ = {
			isa = XCConfigurationList;
			buildConfigurations = (
				45894CD22CF981EA00F095C2 /* Debug */,
				45894CD32CF981EA00F095C2 /* Release */,
			);
			defaultConfigurationIsVisible = 0;
			defaultConfigurationName = Release;
		};
		45894CD62CF981EA00F095C2 /* Build configuration list for PBXNativeTarget "prototypeV1Tests" */ = {
			isa = XCConfigurationList;
			buildConfigurations = (
				45894CD72CF981EA00F095C2 /* Debug */,
				45894CD82CF981EA00F095C2 /* Release */,
			);
			defaultConfigurationIsVisible = 0;
			defaultConfigurationName = Release;
		};
		45894CD92CF981EA00F095C2 /* Build configuration list for PBXNativeTarget "prototypeV1UITests" */ = {
			isa = XCConfigurationList;
			buildConfigurations = (
				45894CDA2CF981EA00F095C2 /* Debug */,
				45894CDB2CF981EA00F095C2 /* Release */,
			);
			defaultConfigurationIsVisible = 0;
			defaultConfigurationName = Release;
		};
/* End XCConfigurationList section */
	};
	rootObject = 45894CA02CF981E800F095C2 /* Project object */;
}
